{
  "name": "conway-wasm",
  "version": "0.1.0",
  "lockfileVersion": 3,
  "requires": true,
  "packages": {
    "": {
      "name": "conway-wasm",
      "version": "0.1.0",
      "dependencies": {
        "conway-wasm": "file:"
      }
    },
    "node_modules/conway-wasm": {
      "resolved": "",
      "link": true
    }
  }
}
